{
  "object": {
    "pins": [
      {
        "package": "PhoenixKitsuCore",
        "repositoryURL": "https://github.com/JasonLighthunter/Phoenix-Kitsu-Core.git",
        "state": {
          "branch": "feature/AuthorizedRequest",
          "revision": "5db5b1c6161423e09167ee13d0adf52b668639a5",
          "version": null
        }
      },
      {
        "package": "Requestable",
        "repositoryURL": "https://github.com/JasonLighthunter/Requestable.git",
        "state": {
          "branch": null,
          "revision": "27401203c102fb34ab3eb2e997b59c849a563669",
          "version": "1.0.2"
        }
      }
    ]
  },
  "version": 1
}
